
Microsoft Visual Studio Solution File, Format Version 12.00
# Visual Studio Version 17
VisualStudioVersion = 17.14.36705.20 d17.14
MinimumVisualStudioVersion = 10.0.40219.1
Project("{FAE04EC0-301F-11D3-BF4B-00C04F79EFBC}") = "ConsoleSnake", "ConsoleSnake\ConsoleSnake.csproj", "{AA1A4F84-25C8-4319-A935-8FB1ABA9CCB1}"
EndProject
Global
	GlobalSection(SolutionConfigurationPlatforms) = preSolution
		Debug|Any CPU = Debug|Any CPU
		Release|Any CPU = Release|Any CPU
	EndGlobalSection
	GlobalSection(ProjectConfigurationPlatforms) = postSolution
		{AA1A4F84-25C8-4319-A935-8FB1ABA9CCB1}.Debug|Any CPU.ActiveCfg = Debug|Any CPU
		{AA1A4F84-25C8-4319-A935-8FB1ABA9CCB1}.Debug|Any CPU.Build.0 = Debug|Any CPU
		{AA1A4F84-25C8-4319-A935-8FB1ABA9CCB1}.Release|Any CPU.ActiveCfg = Release|Any CPU
		{AA1A4F84-25C8-4319-A935-8FB1ABA9CCB1}.Release|Any CPU.Build.0 = Release|Any CPU
	EndGlobalSection
	GlobalSection(SolutionProperties) = preSolution
		HideSolutionNode = FALSE
	EndGlobalSection
	GlobalSection(ExtensibilityGlobals) = postSolution
		SolutionGuid = {7FA8D07F-DFCC-4886-AC6C-D7DEE7AD5F8A}
	EndGlobalSection
EndGlobal
